
Microsoft Visual Studio Solution File, Format Version 12.00
# Visual Studio Version 17
VisualStudioVersion = 17.2.32616.157
MinimumVisualStudioVersion = 10.0.40219.1
Project("{FAE04EC0-301F-11D3-BF4B-00C04F79EFBC}") = "AppClima.Android", "AppClima\AppClima.Android\AppClima.Android.csproj", "{4B5E5427-4FED-4FAB-8DA2-BF5BFE91795A}"
EndProject
Project("{FAE04EC0-301F-11D3-BF4B-00C04F79EFBC}") = "AppClima", "AppClima\AppClima\AppClima.csproj", "{6FA918C5-1C59-4974-953A-9BBC86B73D5D}"
EndProject
Global
	GlobalSection(SolutionConfigurationPlatforms) = preSolution
		Debug|Any CPU = Debug|Any CPU
		Release|Any CPU = Release|Any CPU
	EndGlobalSection
	GlobalSection(ProjectConfigurationPlatforms) = postSolution
		{4B5E5427-4FED-4FAB-8DA2-BF5BFE91795A}.Debug|Any CPU.ActiveCfg = Debug|Any CPU
		{4B5E5427-4FED-4FAB-8DA2-BF5BFE91795A}.Debug|Any CPU.Build.0 = Debug|Any CPU
		{4B5E5427-4FED-4FAB-8DA2-BF5BFE91795A}.Debug|Any CPU.Deploy.0 = Debug|Any CPU
		{4B5E5427-4FED-4FAB-8DA2-BF5BFE91795A}.Release|Any CPU.ActiveCfg = Release|Any CPU
		{4B5E5427-4FED-4FAB-8DA2-BF5BFE91795A}.Release|Any CPU.Build.0 = Release|Any CPU
		{4B5E5427-4FED-4FAB-8DA2-BF5BFE91795A}.Release|Any CPU.Deploy.0 = Release|Any CPU
		{6FA918C5-1C59-4974-953A-9BBC86B73D5D}.Debug|Any CPU.ActiveCfg = Debug|Any CPU
		{6FA918C5-1C59-4974-953A-9BBC86B73D5D}.Debug|Any CPU.Build.0 = Debug|Any CPU
		{6FA918C5-1C59-4974-953A-9BBC86B73D5D}.Debug|Any CPU.Deploy.0 = Debug|Any CPU
		{6FA918C5-1C59-4974-953A-9BBC86B73D5D}.Release|Any CPU.ActiveCfg = Release|Any CPU
		{6FA918C5-1C59-4974-953A-9BBC86B73D5D}.Release|Any CPU.Build.0 = Release|Any CPU
		{6FA918C5-1C59-4974-953A-9BBC86B73D5D}.Release|Any CPU.Deploy.0 = Release|Any CPU
	EndGlobalSection
	GlobalSection(SolutionProperties) = preSolution
		HideSolutionNode = FALSE
	EndGlobalSection
	GlobalSection(ExtensibilityGlobals) = postSolution
		SolutionGuid = {920EA00E-8C5C-4B52-8E7E-5DC595E97BB1}
	EndGlobalSection
EndGlobal
